github.com/shurcooL/httpfs v0.0.0-20230704072500-f1e31cf0ba5c h1:aqg5Vm5dwtvL+YgDpBcK1ITf3o96N/K7/wsRXQnUTEs=
github.com/shurcooL/httpfs v0.0.0-20230704072500-f1e31cf0ba5c/go.mod h1:owqhoLW1qZoYLZzLnBw+QkPP9WZnjlSWihhxAJC1+/M=
github.com/shurcooL/vfsgen v0.0.0-20230704071429-0000e147ea92 h1:OfRzdxCzDhp+rsKWXuOO2I/quKMJ/+TQwVbIP/gltZg=
github.com/shurcooL/vfsgen v0.0.0-20230704071429-0000e147ea92/go.mod h1:7/OT02F6S6I7v6WXb+IjhMuZEYfH/RJ5RwEWnEo5BMg=
golang.org/x/tools v0.28.0 h1:WuB6qZ4RPCQo5aP3WdKZS7i595EdWqWR8vqJTlwTVK8=
golang.org/x/tools v0.28.0/go.mod h1:dcIOrVd3mfQKTgrDVQHqCPMWy6lnhfhtX3hLXYVLfRw=
